
Microsoft Visual Studio Solution File, Format Version 12.00
# Visual Studio Version 17
VisualStudioVersion = 17.3.32825.248
MinimumVisualStudioVersion = 10.0.40219.1
Project("{9A19103F-16F7-4668-BE54-9A1E7A4F7556}") = "Nefarius.Keycloak.Webhooks", "src\Nefarius.Keycloak.Webhooks\Nefarius.Keycloak.Webhooks.csproj", "{C1D2E3F4-A5B6-7890-CDEF-123456789ABC}"
EndProject
Project("{9A19103F-16F7-4668-BE54-9A1E7A4F7556}") = "Nefarius.Keycloak.Webhooks.FastEndpoints", "src\Nefarius.Keycloak.Webhooks.FastEndpoints\Nefarius.Keycloak.Webhooks.FastEndpoints.csproj", "{D2E3F4A5-B6C7-8901-DEF0-23456789ABCD}"
EndProject
Project("{2150E333-8FDC-42A3-9474-1A3956D46DE8}") = "Solution Items", "Solution Items", "{E3F4A5B6-C7D8-9012-EF01-3456789ABCDE}"
	ProjectSection(SolutionItems) = preProject
		.editorconfig = .editorconfig
		.gitignore = .gitignore
		LICENSE = LICENSE
		README.md = README.md
		Directory.Build.props = Directory.Build.props
		.github\workflows\build.yml = .github\workflows\build.yml
		.github\workflows\generate-docs.yml = .github\workflows\generate-docs.yml
		.github\workflows\publish-to-nuget.yml = .github\workflows\publish-to-nuget.yml
	EndProjectSection
EndProject
Project("{2150E333-8FDC-42A3-9474-1A3956D46DE8}") = "tests", "tests", "{0AB3BF05-4346-4AA6-1389-037BE0695223}"
EndProject
Project("{FAE04EC0-301F-11D3-BF4B-00C04F79EFBC}") = "Nefarius.Keycloak.Webhooks.Tests", "tests\Nefarius.Keycloak.Webhooks.Tests\Nefarius.Keycloak.Webhooks.Tests.csproj", "{2230C0EE-C304-4ED7-A3F2-C8AF405D8375}"
EndProject
Project("{2150E333-8FDC-42A3-9474-1A3956D46DE8}") = "src", "src", "{827E0CD3-B72D-47B6-A68D-7590B98EB39B}"
EndProject
Project("{FAE04EC0-301F-11D3-BF4B-00C04F79EFBC}") = "Nefarius.Keycloak.Webhooks.Client", "src\Nefarius.Keycloak.Webhooks.Client\Nefarius.Keycloak.Webhooks.Client.csproj", "{94D32DA1-9520-4ADE-A60E-7AF6C5B0D5A0}"
EndProject
Global
	GlobalSection(SolutionConfigurationPlatforms) = preSolution
		Debug|Any CPU = Debug|Any CPU
		Debug|x64 = Debug|x64
		Debug|x86 = Debug|x86
		Release|Any CPU = Release|Any CPU
		Release|x64 = Release|x64
		Release|x86 = Release|x86
	EndGlobalSection
	GlobalSection(ProjectConfigurationPlatforms) = postSolution
		{C1D2E3F4-A5B6-7890-CDEF-123456789ABC}.Debug|Any CPU.ActiveCfg = Debug|Any CPU
		{C1D2E3F4-A5B6-7890-CDEF-123456789ABC}.Debug|Any CPU.Build.0 = Debug|Any CPU
		{C1D2E3F4-A5B6-7890-CDEF-123456789ABC}.Debug|x64.ActiveCfg = Debug|Any CPU
		{C1D2E3F4-A5B6-7890-CDEF-123456789ABC}.Debug|x64.Build.0 = Debug|Any CPU
		{C1D2E3F4-A5B6-7890-CDEF-123456789ABC}.Debug|x86.ActiveCfg = Debug|Any CPU
		{C1D2E3F4-A5B6-7890-CDEF-123456789ABC}.Debug|x86.Build.0 = Debug|Any CPU
		{C1D2E3F4-A5B6-7890-CDEF-123456789ABC}.Release|Any CPU.ActiveCfg = Release|Any CPU
		{C1D2E3F4-A5B6-7890-CDEF-123456789ABC}.Release|Any CPU.Build.0 = Release|Any CPU
		{C1D2E3F4-A5B6-7890-CDEF-123456789ABC}.Release|x64.ActiveCfg = Release|Any CPU
		{C1D2E3F4-A5B6-7890-CDEF-123456789ABC}.Release|x64.Build.0 = Release|Any CPU
		{C1D2E3F4-A5B6-7890-CDEF-123456789ABC}.Release|x86.ActiveCfg = Release|Any CPU
		{C1D2E3F4-A5B6-7890-CDEF-123456789ABC}.Release|x86.Build.0 = Release|Any CPU
		{D2E3F4A5-B6C7-8901-DEF0-23456789ABCD}.Debug|Any CPU.ActiveCfg = Debug|Any CPU
		{D2E3F4A5-B6C7-8901-DEF0-23456789ABCD}.Debug|Any CPU.Build.0 = Debug|Any CPU
		{D2E3F4A5-B6C7-8901-DEF0-23456789ABCD}.Debug|x64.ActiveCfg = Debug|Any CPU
		{D2E3F4A5-B6C7-8901-DEF0-23456789ABCD}.Debug|x64.Build.0 = Debug|Any CPU
		{D2E3F4A5-B6C7-8901-DEF0-23456789ABCD}.Debug|x86.ActiveCfg = Debug|Any CPU
		{D2E3F4A5-B6C7-8901-DEF0-23456789ABCD}.Debug|x86.Build.0 = Debug|Any CPU
		{D2E3F4A5-B6C7-8901-DEF0-23456789ABCD}.Release|Any CPU.ActiveCfg = Release|Any CPU
		{D2E3F4A5-B6C7-8901-DEF0-23456789ABCD}.Release|Any CPU.Build.0 = Release|Any CPU
		{D2E3F4A5-B6C7-8901-DEF0-23456789ABCD}.Release|x64.ActiveCfg = Release|Any CPU
		{D2E3F4A5-B6C7-8901-DEF0-23456789ABCD}.Release|x64.Build.0 = Release|Any CPU
		{D2E3F4A5-B6C7-8901-DEF0-23456789ABCD}.Release|x86.ActiveCfg = Release|Any CPU
		{D2E3F4A5-B6C7-8901-DEF0-23456789ABCD}.Release|x86.Build.0 = Release|Any CPU
		{2230C0EE-C304-4ED7-A3F2-C8AF405D8375}.Debug|Any CPU.ActiveCfg = Debug|Any CPU
		{2230C0EE-C304-4ED7-A3F2-C8AF405D8375}.Debug|Any CPU.Build.0 = Debug|Any CPU
		{2230C0EE-C304-4ED7-A3F2-C8AF405D8375}.Debug|x64.ActiveCfg = Debug|Any CPU
		{2230C0EE-C304-4ED7-A3F2-C8AF405D8375}.Debug|x64.Build.0 = Debug|Any CPU
		{2230C0EE-C304-4ED7-A3F2-C8AF405D8375}.Debug|x86.ActiveCfg = Debug|Any CPU
		{2230C0EE-C304-4ED7-A3F2-C8AF405D8375}.Debug|x86.Build.0 = Debug|Any CPU
		{2230C0EE-C304-4ED7-A3F2-C8AF405D8375}.Release|Any CPU.ActiveCfg = Release|Any CPU
		{2230C0EE-C304-4ED7-A3F2-C8AF405D8375}.Release|Any CPU.Build.0 = Release|Any CPU
		{2230C0EE-C304-4ED7-A3F2-C8AF405D8375}.Release|x64.ActiveCfg = Release|Any CPU
		{2230C0EE-C304-4ED7-A3F2-C8AF405D8375}.Release|x64.Build.0 = Release|Any CPU
		{2230C0EE-C304-4ED7-A3F2-C8AF405D8375}.Release|x86.ActiveCfg = Release|Any CPU
		{2230C0EE-C304-4ED7-A3F2-C8AF405D8375}.Release|x86.Build.0 = Release|Any CPU
		{94D32DA1-9520-4ADE-A60E-7AF6C5B0D5A0}.Debug|Any CPU.ActiveCfg = Debug|Any CPU
		{94D32DA1-9520-4ADE-A60E-7AF6C5B0D5A0}.Debug|Any CPU.Build.0 = Debug|Any CPU
		{94D32DA1-9520-4ADE-A60E-7AF6C5B0D5A0}.Debug|x64.ActiveCfg = Debug|Any CPU
		{94D32DA1-9520-4ADE-A60E-7AF6C5B0D5A0}.Debug|x64.Build.0 = Debug|Any CPU
		{94D32DA1-9520-4ADE-A60E-7AF6C5B0D5A0}.Debug|x86.ActiveCfg = Debug|Any CPU
		{94D32DA1-9520-4ADE-A60E-7AF6C5B0D5A0}.Debug|x86.Build.0 = Debug|Any CPU
		{94D32DA1-9520-4ADE-A60E-7AF6C5B0D5A0}.Release|Any CPU.ActiveCfg = Release|Any CPU
		{94D32DA1-9520-4ADE-A60E-7AF6C5B0D5A0}.Release|Any CPU.Build.0 = Release|Any CPU
		{94D32DA1-9520-4ADE-A60E-7AF6C5B0D5A0}.Release|x64.ActiveCfg = Release|Any CPU
		{94D32DA1-9520-4ADE-A60E-7AF6C5B0D5A0}.Release|x64.Build.0 = Release|Any CPU
		{94D32DA1-9520-4ADE-A60E-7AF6C5B0D5A0}.Release|x86.ActiveCfg = Release|Any CPU
		{94D32DA1-9520-4ADE-A60E-7AF6C5B0D5A0}.Release|x86.Build.0 = Release|Any CPU
	EndGlobalSection
	GlobalSection(SolutionProperties) = preSolution
		HideSolutionNode = FALSE
	EndGlobalSection
	GlobalSection(NestedProjects) = preSolution
		{2230C0EE-C304-4ED7-A3F2-C8AF405D8375} = {0AB3BF05-4346-4AA6-1389-037BE0695223}
		{94D32DA1-9520-4ADE-A60E-7AF6C5B0D5A0} = {827E0CD3-B72D-47B6-A68D-7590B98EB39B}
	EndGlobalSection
	GlobalSection(ExtensibilityGlobals) = postSolution
		SolutionGuid = {F4A5B6C7-D8E9-0123-F012-456789ABCDEF}
	EndGlobalSection
EndGlobal
